
Microsoft Visual Studio Solution File, Format Version 12.00
# Visual Studio Version 17
VisualStudioVersion = 17.7.34024.191
MinimumVisualStudioVersion = 10.0.40219.1
Project("{8BC9CEB8-8B4A-11D0-8D11-00A0C91BC942}") = "FirstConsoleApplication", "FirstConsoleApplication\FirstConsoleApplication.vcxproj", "{40DA0834-E2FA-4C6F-B233-58E3D331EFE9}"
EndProject
Project("{8BC9CEB8-8B4A-11D0-8D11-00A0C91BC942}") = "VariableConsoleApplication", "VariableConsoleApplication\VariableConsoleApplication.vcxproj", "{D61489FF-08C4-4AC2-B882-CDC4AEB495D9}"
EndProject
Project("{2150E333-8FDC-42A3-9474-1A3956D46DE8}") = "01. Podstawy", "01. Podstawy", "{66F1B648-C8BB-48BD-BF0A-5F45F32C80FE}"
EndProject
Project("{2150E333-8FDC-42A3-9474-1A3956D46DE8}") = "02. Instrukcje decyzyjne", "02. Instrukcje decyzyjne", "{8B168EF4-F1BF-4684-AD4C-13C6E2C29229}"
EndProject
Project("{8BC9CEB8-8B4A-11D0-8D11-00A0C91BC942}") = "InstructionIfConsoleApplication", "InstructionIfConsoleApplication\InstructionIfConsoleApplication.vcxproj", "{3EAA1711-DADE-4137-8467-561B683A47B0}"
EndProject
Project("{8BC9CEB8-8B4A-11D0-8D11-00A0C91BC942}") = "LoopDoWhileConsoleApplication", "LoopDoWhileConsoleApplication\LoopDoWhileConsoleApplication.vcxproj", "{0B7E987F-F719-4917-B744-DBBCD7D214CC}"
EndProject
Project("{8BC9CEB8-8B4A-11D0-8D11-00A0C91BC942}") = "LoopWhileConsoleApplication", "LoopWhileConsoleApplication\LoopWhileConsoleApplication.vcxproj", "{B341C85C-F212-4C59-8DB4-C3555D94728F}"
EndProject
Project("{8BC9CEB8-8B4A-11D0-8D11-00A0C91BC942}") = "LoopForConsoleApplication", "LoopForConsoleApplication\LoopForConsoleApplication.vcxproj", "{D7173C81-F855-4359-B451-7A29E7F1AFA8}"
EndProject
Project("{2150E333-8FDC-42A3-9474-1A3956D46DE8}") = "03. Kolekcje", "03. Kolekcje", "{62724343-C45B-4158-AF72-0E15073B1EFB}"
EndProject
Project("{8BC9CEB8-8B4A-11D0-8D11-00A0C91BC942}") = "CharactersConsoleApplication", "CharactersConsoleApplication\CharactersConsoleApplication.vcxproj", "{A39E8759-4164-40DE-A2D3-2B53A65D03AE}"
EndProject
Project("{8BC9CEB8-8B4A-11D0-8D11-00A0C91BC942}") = "ArrayConsoleApplication", "ArrayConsoleApplication\ArrayConsoleApplication.vcxproj", "{24D38A05-CE81-4029-A542-02301FEB78A7}"
EndProject
Project("{2150E333-8FDC-42A3-9474-1A3956D46DE8}") = "04. Funkcje", "04. Funkcje", "{5957A948-B5CE-440B-83B3-EF58B6CB7F28}"
EndProject
Project("{8BC9CEB8-8B4A-11D0-8D11-00A0C91BC942}") = "FunctionConsoleApplication", "FunctionConsoleApplication\FunctionConsoleApplication.vcxproj", "{65A49C10-819C-4D33-B0FC-BE7A1D083551}"
EndProject
Project("{2150E333-8FDC-42A3-9474-1A3956D46DE8}") = "05.Wskaźniki", "05.Wskaźniki", "{71BA5329-F5EA-4B33-8654-81BFE173DAAF}"
EndProject
Project("{8BC9CEB8-8B4A-11D0-8D11-00A0C91BC942}") = "PointersConsoleApplication", "PointersConsoleApplication\PointersConsoleApplication.vcxproj", "{F78D8BE5-33F4-4FE7-9533-C9B42756D661}"
EndProject
Project("{2150E333-8FDC-42A3-9474-1A3956D46DE8}") = "06. Zadania", "06. Zadania", "{A8AB3BF2-094B-4158-97D9-705D912CE85E}"
EndProject
Project("{8BC9CEB8-8B4A-11D0-8D11-00A0C91BC942}") = "TasksConsoleApplication", "TasksConsoleApplication\TasksConsoleApplication.vcxproj", "{6128782B-0355-48AF-ACC8-FC5CEE558428}"
EndProject
Project("{8BC9CEB8-8B4A-11D0-8D11-00A0C91BC942}") = "SnakeConsoleApplication", "SnakeConsoleApplication\SnakeConsoleApplication.vcxproj", "{41245459-B70E-4515-B55A-49BC119570F9}"
EndProject
Project("{2150E333-8FDC-42A3-9474-1A3956D46DE8}") = "Strukturalne", "Strukturalne", "{CADA7286-43DD-4ECE-8149-6FB978309FD9}"
EndProject
Project("{2150E333-8FDC-42A3-9474-1A3956D46DE8}") = "Obiektowe", "Obiektowe", "{F5ADE460-FB10-4A50-8325-14FD52EA1869}"
EndProject
Project("{2150E333-8FDC-42A3-9474-1A3956D46DE8}") = "01. Struktury", "01. Struktury", "{DA0E4031-255F-4CD1-A55D-A2AEF4202358}"
EndProject
Project("{8BC9CEB8-8B4A-11D0-8D11-00A0C91BC942}") = "FirstStructConsoleApplication", "FirstStructConsoleApplication\FirstStructConsoleApplication.vcxproj", "{7F9D6491-16D8-4530-B70F-C0ABE4F2D859}"
EndProject
Project("{2150E333-8FDC-42A3-9474-1A3956D46DE8}") = "02. Podstawy obiektów", "02. Podstawy obiektów", "{10AFD045-2C03-4B9B-B273-EA69F3F71C2A}"
EndProject
Project("{8BC9CEB8-8B4A-11D0-8D11-00A0C91BC942}") = "FirstObjectConsoleApplication", "FirstObjectConsoleApplication\FirstObjectConsoleApplication.vcxproj", "{5865186B-7E66-45BE-B8FE-94EB632A4608}"
EndProject
Project("{8BC9CEB8-8B4A-11D0-8D11-00A0C91BC942}") = "ReadAndWriteInFilesConsoleApplication", "ReadAndWriteInFilesConsoleApplication\ReadAndWriteInFilesConsoleApplication.vcxproj", "{9DB78DCA-7A7E-4873-9872-53A24739A828}"
EndProject
Project("{8BC9CEB8-8B4A-11D0-8D11-00A0C91BC942}") = "StringConsoleApplication", "StringConsoleApplication\StringConsoleApplication.vcxproj", "{CCF67573-A3DE-438D-83AC-FD2759A64F28}"
EndProject
Project("{8BC9CEB8-8B4A-11D0-8D11-00A0C91BC942}") = "InheritanceConsoleApplication", "InheritanceConsoleApplication\InheritanceConsoleApplication.vcxproj", "{E1FB3A37-995D-4825-8A4E-B40FB1266ADF}"
EndProject
Project("{8BC9CEB8-8B4A-11D0-8D11-00A0C91BC942}") = "FiguresConsoleApplication", "FiguresConsoleApplication\FiguresConsoleApplication.vcxproj", "{B1F0BD9A-E989-44BC-93A5-E88B609C0030}"
EndProject
Project("{2150E333-8FDC-42A3-9474-1A3956D46DE8}") = "Matura", "Matura", "{15737C3D-0511-4BB7-933A-260B9F2EEFD9}"
EndProject
Project("{8BC9CEB8-8B4A-11D0-8D11-00A0C91BC942}") = "Matura2022MajConsoleApplication", "Matura2022MajConsoleApplication\Matura2022MajConsoleApplication.vcxproj", "{1630868F-23A4-458F-8DD7-5952D88FD173}"
EndProject
Project("{8BC9CEB8-8B4A-11D0-8D11-00A0C91BC942}") = "Matura2022CzerwiecConsoleApplication", "Matura2022CzerwiecConsoleApplication\Matura2022CzerwiecConsoleApplication.vcxproj", "{98329075-C81A-4104-A53F-444F22FAC641}"
EndProject
Project("{8BC9CEB8-8B4A-11D0-8D11-00A0C91BC942}") = "Matura2024MajConsoleApplication", "Matura2024MajConsoleApplication\Matura2024MajConsoleApplication.vcxproj", "{DF019C17-5B40-4D19-9234-1B779328BD03}"
EndProject
Project("{2150E333-8FDC-42A3-9474-1A3956D46DE8}") = "C++", "C++", "{02EA681E-C7D8-13C7-8484-4AC65E1B71E8}"
EndProject
Project("{2150E333-8FDC-42A3-9474-1A3956D46DE8}") = "C#", "C#", "{FD40AA15-2FC6-4426-A1AC-D3320A0DD993}"
EndProject
Project("{FAE04EC0-301F-11D3-BF4B-00C04F79EFBC}") = "FirstConsoleApp", "FirstConsoleApp\FirstConsoleApp.csproj", "{53FD27F6-A24A-4191-A43B-9FE00C0C4B0A}"
EndProject
Project("{FAE04EC0-301F-11D3-BF4B-00C04F79EFBC}") = "ObjectConsoleApp", "ObjectConsoleApp\ObjectConsoleApp.csproj", "{A9C22A01-2888-419C-B162-C8A88191875C}"
EndProject
Project("{2150E333-8FDC-42A3-9474-1A3956D46DE8}") = "Moje", "Moje", "{71C583B8-0B51-419A-9D62-DE160720DC06}"
EndProject
Project("{FAE04EC0-301F-11D3-BF4B-00C04F79EFBC}") = "WindowsFormsApp1", "WindowsFormsApp1\WindowsFormsApp1.csproj", "{73D820B9-E7E6-4F91-93F7-705C02215459}"
EndProject
Project("{FAE04EC0-301F-11D3-BF4B-00C04F79EFBC}") = "MauiApp1", "MauiApp1\MauiApp1.csproj", "{293F2AD7-7AD8-42F8-929D-BDDBAC05BE93}"
EndProject
Project("{FAE04EC0-301F-11D3-BF4B-00C04F79EFBC}") = "AboutObjectConsoleApp", "AboutObjectConsoleApp\AboutObjectConsoleApp.csproj", "{62A1454A-0D92-43D3-946A-F32B77C08159}"
EndProject
Global
	GlobalSection(SolutionConfigurationPlatforms) = preSolution
		Debug|Any CPU = Debug|Any CPU
		Debug|x64 = Debug|x64
		Debug|x86 = Debug|x86
		Release|Any CPU = Release|Any CPU
		Release|x64 = Release|x64
		Release|x86 = Release|x86
	EndGlobalSection
	GlobalSection(ProjectConfigurationPlatforms) = postSolution
		{40DA0834-E2FA-4C6F-B233-58E3D331EFE9}.Debug|Any CPU.ActiveCfg = Debug|x64
		{40DA0834-E2FA-4C6F-B233-58E3D331EFE9}.Debug|Any CPU.Build.0 = Debug|x64
		{40DA0834-E2FA-4C6F-B233-58E3D331EFE9}.Debug|x64.ActiveCfg = Debug|x64
		{40DA0834-E2FA-4C6F-B233-58E3D331EFE9}.Debug|x64.Build.0 = Debug|x64
		{40DA0834-E2FA-4C6F-B233-58E3D331EFE9}.Debug|x86.ActiveCfg = Debug|Win32
		{40DA0834-E2FA-4C6F-B233-58E3D331EFE9}.Debug|x86.Build.0 = Debug|Win32
		{40DA0834-E2FA-4C6F-B233-58E3D331EFE9}.Release|Any CPU.ActiveCfg = Release|x64
		{40DA0834-E2FA-4C6F-B233-58E3D331EFE9}.Release|Any CPU.Build.0 = Release|x64
		{40DA0834-E2FA-4C6F-B233-58E3D331EFE9}.Release|x64.ActiveCfg = Release|x64
		{40DA0834-E2FA-4C6F-B233-58E3D331EFE9}.Release|x64.Build.0 = Release|x64
		{40DA0834-E2FA-4C6F-B233-58E3D331EFE9}.Release|x86.ActiveCfg = Release|Win32
		{40DA0834-E2FA-4C6F-B233-58E3D331EFE9}.Release|x86.Build.0 = Release|Win32
		{D61489FF-08C4-4AC2-B882-CDC4AEB495D9}.Debug|Any CPU.ActiveCfg = Debug|x64
		{D61489FF-08C4-4AC2-B882-CDC4AEB495D9}.Debug|Any CPU.Build.0 = Debug|x64
		{D61489FF-08C4-4AC2-B882-CDC4AEB495D9}.Debug|x64.ActiveCfg = Debug|x64
		{D61489FF-08C4-4AC2-B882-CDC4AEB495D9}.Debug|x64.Build.0 = Debug|x64
		{D61489FF-08C4-4AC2-B882-CDC4AEB495D9}.Debug|x86.ActiveCfg = Debug|Win32
		{D61489FF-08C4-4AC2-B882-CDC4AEB495D9}.Debug|x86.Build.0 = Debug|Win32
		{D61489FF-08C4-4AC2-B882-CDC4AEB495D9}.Release|Any CPU.ActiveCfg = Release|x64
		{D61489FF-08C4-4AC2-B882-CDC4AEB495D9}.Release|Any CPU.Build.0 = Release|x64
		{D61489FF-08C4-4AC2-B882-CDC4AEB495D9}.Release|x64.ActiveCfg = Release|x64
		{D61489FF-08C4-4AC2-B882-CDC4AEB495D9}.Release|x64.Build.0 = Release|x64
		{D61489FF-08C4-4AC2-B882-CDC4AEB495D9}.Release|x86.ActiveCfg = Release|Win32
		{D61489FF-08C4-4AC2-B882-CDC4AEB495D9}.Release|x86.Build.0 = Release|Win32
		{3EAA1711-DADE-4137-8467-561B683A47B0}.Debug|Any CPU.ActiveCfg = Debug|x64
		{3EAA1711-DADE-4137-8467-561B683A47B0}.Debug|Any CPU.Build.0 = Debug|x64
		{3EAA1711-DADE-4137-8467-561B683A47B0}.Debug|x64.ActiveCfg = Debug|x64
		{3EAA1711-DADE-4137-8467-561B683A47B0}.Debug|x64.Build.0 = Debug|x64
		{3EAA1711-DADE-4137-8467-561B683A47B0}.Debug|x86.ActiveCfg = Debug|Win32
		{3EAA1711-DADE-4137-8467-561B683A47B0}.Debug|x86.Build.0 = Debug|Win32
		{3EAA1711-DADE-4137-8467-561B683A47B0}.Release|Any CPU.ActiveCfg = Release|x64
		{3EAA1711-DADE-4137-8467-561B683A47B0}.Release|Any CPU.Build.0 = Release|x64
		{3EAA1711-DADE-4137-8467-561B683A47B0}.Release|x64.ActiveCfg = Release|x64
		{3EAA1711-DADE-4137-8467-561B683A47B0}.Release|x64.Build.0 = Release|x64
		{3EAA1711-DADE-4137-8467-561B683A47B0}.Release|x86.ActiveCfg = Release|Win32
		{3EAA1711-DADE-4137-8467-561B683A47B0}.Release|x86.Build.0 = Release|Win32
		{0B7E987F-F719-4917-B744-DBBCD7D214CC}.Debug|Any CPU.ActiveCfg = Debug|x64
		{0B7E987F-F719-4917-B744-DBBCD7D214CC}.Debug|Any CPU.Build.0 = Debug|x64
		{0B7E987F-F719-4917-B744-DBBCD7D214CC}.Debug|x64.ActiveCfg = Debug|x64
		{0B7E987F-F719-4917-B744-DBBCD7D214CC}.Debug|x64.Build.0 = Debug|x64
		{0B7E987F-F719-4917-B744-DBBCD7D214CC}.Debug|x86.ActiveCfg = Debug|Win32
		{0B7E987F-F719-4917-B744-DBBCD7D214CC}.Debug|x86.Build.0 = Debug|Win32
		{0B7E987F-F719-4917-B744-DBBCD7D214CC}.Release|Any CPU.ActiveCfg = Release|x64
		{0B7E987F-F719-4917-B744-DBBCD7D214CC}.Release|Any CPU.Build.0 = Release|x64
		{0B7E987F-F719-4917-B744-DBBCD7D214CC}.Release|x64.ActiveCfg = Release|x64
		{0B7E987F-F719-4917-B744-DBBCD7D214CC}.Release|x64.Build.0 = Release|x64
		{0B7E987F-F719-4917-B744-DBBCD7D214CC}.Release|x86.ActiveCfg = Release|Win32
		{0B7E987F-F719-4917-B744-DBBCD7D214CC}.Release|x86.Build.0 = Release|Win32
		{B341C85C-F212-4C59-8DB4-C3555D94728F}.Debug|Any CPU.ActiveCfg = Debug|x64
		{B341C85C-F212-4C59-8DB4-C3555D94728F}.Debug|Any CPU.Build.0 = Debug|x64
		{B341C85C-F212-4C59-8DB4-C3555D94728F}.Debug|x64.ActiveCfg = Debug|x64
		{B341C85C-F212-4C59-8DB4-C3555D94728F}.Debug|x64.Build.0 = Debug|x64
		{B341C85C-F212-4C59-8DB4-C3555D94728F}.Debug|x86.ActiveCfg = Debug|Win32
		{B341C85C-F212-4C59-8DB4-C3555D94728F}.Debug|x86.Build.0 = Debug|Win32
		{B341C85C-F212-4C59-8DB4-C3555D94728F}.Release|Any CPU.ActiveCfg = Release|x64
		{B341C85C-F212-4C59-8DB4-C3555D94728F}.Release|Any CPU.Build.0 = Release|x64
		{B341C85C-F212-4C59-8DB4-C3555D94728F}.Release|x64.ActiveCfg = Release|x64
		{B341C85C-F212-4C59-8DB4-C3555D94728F}.Release|x64.Build.0 = Release|x64
		{B341C85C-F212-4C59-8DB4-C3555D94728F}.Release|x86.ActiveCfg = Release|Win32
		{B341C85C-F212-4C59-8DB4-C3555D94728F}.Release|x86.Build.0 = Release|Win32
		{D7173C81-F855-4359-B451-7A29E7F1AFA8}.Debug|Any CPU.ActiveCfg = Debug|x64
		{D7173C81-F855-4359-B451-7A29E7F1AFA8}.Debug|Any CPU.Build.0 = Debug|x64
		{D7173C81-F855-4359-B451-7A29E7F1AFA8}.Debug|x64.ActiveCfg = Debug|x64
		{D7173C81-F855-4359-B451-7A29E7F1AFA8}.Debug|x64.Build.0 = Debug|x64
		{D7173C81-F855-4359-B451-7A29E7F1AFA8}.Debug|x86.ActiveCfg = Debug|Win32
		{D7173C81-F855-4359-B451-7A29E7F1AFA8}.Debug|x86.Build.0 = Debug|Win32
		{D7173C81-F855-4359-B451-7A29E7F1AFA8}.Release|Any CPU.ActiveCfg = Release|x64
		{D7173C81-F855-4359-B451-7A29E7F1AFA8}.Release|Any CPU.Build.0 = Release|x64
		{D7173C81-F855-4359-B451-7A29E7F1AFA8}.Release|x64.ActiveCfg = Release|x64
		{D7173C81-F855-4359-B451-7A29E7F1AFA8}.Release|x64.Build.0 = Release|x64
		{D7173C81-F855-4359-B451-7A29E7F1AFA8}.Release|x86.ActiveCfg = Release|Win32
		{D7173C81-F855-4359-B451-7A29E7F1AFA8}.Release|x86.Build.0 = Release|Win32
		{A39E8759-4164-40DE-A2D3-2B53A65D03AE}.Debug|Any CPU.ActiveCfg = Debug|x64
		{A39E8759-4164-40DE-A2D3-2B53A65D03AE}.Debug|Any CPU.Build.0 = Debug|x64
		{A39E8759-4164-40DE-A2D3-2B53A65D03AE}.Debug|x64.ActiveCfg = Debug|x64
		{A39E8759-4164-40DE-A2D3-2B53A65D03AE}.Debug|x64.Build.0 = Debug|x64
		{A39E8759-4164-40DE-A2D3-2B53A65D03AE}.Debug|x86.ActiveCfg = Debug|Win32
		{A39E8759-4164-40DE-A2D3-2B53A65D03AE}.Debug|x86.Build.0 = Debug|Win32
		{A39E8759-4164-40DE-A2D3-2B53A65D03AE}.Release|Any CPU.ActiveCfg = Release|x64
		{A39E8759-4164-40DE-A2D3-2B53A65D03AE}.Release|Any CPU.Build.0 = Release|x64
		{A39E8759-4164-40DE-A2D3-2B53A65D03AE}.Release|x64.ActiveCfg = Release|x64
		{A39E8759-4164-40DE-A2D3-2B53A65D03AE}.Release|x64.Build.0 = Release|x64
		{A39E8759-4164-40DE-A2D3-2B53A65D03AE}.Release|x86.ActiveCfg = Release|Win32
		{A39E8759-4164-40DE-A2D3-2B53A65D03AE}.Release|x86.Build.0 = Release|Win32
		{24D38A05-CE81-4029-A542-02301FEB78A7}.Debug|Any CPU.ActiveCfg = Debug|x64
		{24D38A05-CE81-4029-A542-02301FEB78A7}.Debug|Any CPU.Build.0 = Debug|x64
		{24D38A05-CE81-4029-A542-02301FEB78A7}.Debug|x64.ActiveCfg = Debug|x64
		{24D38A05-CE81-4029-A542-02301FEB78A7}.Debug|x64.Build.0 = Debug|x64
		{24D38A05-CE81-4029-A542-02301FEB78A7}.Debug|x86.ActiveCfg = Debug|Win32
		{24D38A05-CE81-4029-A542-02301FEB78A7}.Debug|x86.Build.0 = Debug|Win32
		{24D38A05-CE81-4029-A542-02301FEB78A7}.Release|Any CPU.ActiveCfg = Release|x64
		{24D38A05-CE81-4029-A542-02301FEB78A7}.Release|Any CPU.Build.0 = Release|x64
		{24D38A05-CE81-4029-A542-02301FEB78A7}.Release|x64.ActiveCfg = Release|x64
		{24D38A05-CE81-4029-A542-02301FEB78A7}.Release|x64.Build.0 = Release|x64
		{24D38A05-CE81-4029-A542-02301FEB78A7}.Release|x86.ActiveCfg = Release|Win32
		{24D38A05-CE81-4029-A542-02301FEB78A7}.Release|x86.Build.0 = Release|Win32
		{65A49C10-819C-4D33-B0FC-BE7A1D083551}.Debug|Any CPU.ActiveCfg = Debug|x64
		{65A49C10-819C-4D33-B0FC-BE7A1D083551}.Debug|Any CPU.Build.0 = Debug|x64
		{65A49C10-819C-4D33-B0FC-BE7A1D083551}.Debug|x64.ActiveCfg = Debug|x64
		{65A49C10-819C-4D33-B0FC-BE7A1D083551}.Debug|x64.Build.0 = Debug|x64
		{65A49C10-819C-4D33-B0FC-BE7A1D083551}.Debug|x86.ActiveCfg = Debug|Win32
		{65A49C10-819C-4D33-B0FC-BE7A1D083551}.Debug|x86.Build.0 = Debug|Win32
		{65A49C10-819C-4D33-B0FC-BE7A1D083551}.Release|Any CPU.ActiveCfg = Release|x64
		{65A49C10-819C-4D33-B0FC-BE7A1D083551}.Release|Any CPU.Build.0 = Release|x64
		{65A49C10-819C-4D33-B0FC-BE7A1D083551}.Release|x64.ActiveCfg = Release|x64
		{65A49C10-819C-4D33-B0FC-BE7A1D083551}.Release|x64.Build.0 = Release|x64
		{65A49C10-819C-4D33-B0FC-BE7A1D083551}.Release|x86.ActiveCfg = Release|Win32
		{65A49C10-819C-4D33-B0FC-BE7A1D083551}.Release|x86.Build.0 = Release|Win32
		{F78D8BE5-33F4-4FE7-9533-C9B42756D661}.Debug|Any CPU.ActiveCfg = Debug|x64
		{F78D8BE5-33F4-4FE7-9533-C9B42756D661}.Debug|Any CPU.Build.0 = Debug|x64
		{F78D8BE5-33F4-4FE7-9533-C9B42756D661}.Debug|x64.ActiveCfg = Debug|x64
		{F78D8BE5-33F4-4FE7-9533-C9B42756D661}.Debug|x64.Build.0 = Debug|x64
		{F78D8BE5-33F4-4FE7-9533-C9B42756D661}.Debug|x86.ActiveCfg = Debug|Win32
		{F78D8BE5-33F4-4FE7-9533-C9B42756D661}.Debug|x86.Build.0 = Debug|Win32
		{F78D8BE5-33F4-4FE7-9533-C9B42756D661}.Release|Any CPU.ActiveCfg = Release|x64
		{F78D8BE5-33F4-4FE7-9533-C9B42756D661}.Release|Any CPU.Build.0 = Release|x64
		{F78D8BE5-33F4-4FE7-9533-C9B42756D661}.Release|x64.ActiveCfg = Release|x64
		{F78D8BE5-33F4-4FE7-9533-C9B42756D661}.Release|x64.Build.0 = Release|x64
		{F78D8BE5-33F4-4FE7-9533-C9B42756D661}.Release|x86.ActiveCfg = Release|Win32
		{F78D8BE5-33F4-4FE7-9533-C9B42756D661}.Release|x86.Build.0 = Release|Win32
		{6128782B-0355-48AF-ACC8-FC5CEE558428}.Debug|Any CPU.ActiveCfg = Debug|x64
		{6128782B-0355-48AF-ACC8-FC5CEE558428}.Debug|Any CPU.Build.0 = Debug|x64
		{6128782B-0355-48AF-ACC8-FC5CEE558428}.Debug|x64.ActiveCfg = Debug|x64
		{6128782B-0355-48AF-ACC8-FC5CEE558428}.Debug|x64.Build.0 = Debug|x64
		{6128782B-0355-48AF-ACC8-FC5CEE558428}.Debug|x86.ActiveCfg = Debug|Win32
		{6128782B-0355-48AF-ACC8-FC5CEE558428}.Debug|x86.Build.0 = Debug|Win32
		{6128782B-0355-48AF-ACC8-FC5CEE558428}.Release|Any CPU.ActiveCfg = Release|x64
		{6128782B-0355-48AF-ACC8-FC5CEE558428}.Release|Any CPU.Build.0 = Release|x64
		{6128782B-0355-48AF-ACC8-FC5CEE558428}.Release|x64.ActiveCfg = Release|x64
		{6128782B-0355-48AF-ACC8-FC5CEE558428}.Release|x64.Build.0 = Release|x64
		{6128782B-0355-48AF-ACC8-FC5CEE558428}.Release|x86.ActiveCfg = Release|Win32
		{6128782B-0355-48AF-ACC8-FC5CEE558428}.Release|x86.Build.0 = Release|Win32
		{41245459-B70E-4515-B55A-49BC119570F9}.Debug|Any CPU.ActiveCfg = Debug|x64
		{41245459-B70E-4515-B55A-49BC119570F9}.Debug|Any CPU.Build.0 = Debug|x64
		{41245459-B70E-4515-B55A-49BC119570F9}.Debug|x64.ActiveCfg = Debug|x64
		{41245459-B70E-4515-B55A-49BC119570F9}.Debug|x64.Build.0 = Debug|x64
		{41245459-B70E-4515-B55A-49BC119570F9}.Debug|x86.ActiveCfg = Debug|Win32
		{41245459-B70E-4515-B55A-49BC119570F9}.Debug|x86.Build.0 = Debug|Win32
		{41245459-B70E-4515-B55A-49BC119570F9}.Release|Any CPU.ActiveCfg = Release|x64
		{41245459-B70E-4515-B55A-49BC119570F9}.Release|Any CPU.Build.0 = Release|x64
		{41245459-B70E-4515-B55A-49BC119570F9}.Release|x64.ActiveCfg = Release|x64
		{41245459-B70E-4515-B55A-49BC119570F9}.Release|x64.Build.0 = Release|x64
		{41245459-B70E-4515-B55A-49BC119570F9}.Release|x86.ActiveCfg = Release|Win32
		{41245459-B70E-4515-B55A-49BC119570F9}.Release|x86.Build.0 = Release|Win32
		{7F9D6491-16D8-4530-B70F-C0ABE4F2D859}.Debug|Any CPU.ActiveCfg = Debug|x64
		{7F9D6491-16D8-4530-B70F-C0ABE4F2D859}.Debug|Any CPU.Build.0 = Debug|x64
		{7F9D6491-16D8-4530-B70F-C0ABE4F2D859}.Debug|x64.ActiveCfg = Debug|x64
		{7F9D6491-16D8-4530-B70F-C0ABE4F2D859}.Debug|x64.Build.0 = Debug|x64
		{7F9D6491-16D8-4530-B70F-C0ABE4F2D859}.Debug|x86.ActiveCfg = Debug|Win32
		{7F9D6491-16D8-4530-B70F-C0ABE4F2D859}.Debug|x86.Build.0 = Debug|Win32
		{7F9D6491-16D8-4530-B70F-C0ABE4F2D859}.Release|Any CPU.ActiveCfg = Release|x64
		{7F9D6491-16D8-4530-B70F-C0ABE4F2D859}.Release|Any CPU.Build.0 = Release|x64
		{7F9D6491-16D8-4530-B70F-C0ABE4F2D859}.Release|x64.ActiveCfg = Release|x64
		{7F9D6491-16D8-4530-B70F-C0ABE4F2D859}.Release|x64.Build.0 = Release|x64
		{7F9D6491-16D8-4530-B70F-C0ABE4F2D859}.Release|x86.ActiveCfg = Release|Win32
		{7F9D6491-16D8-4530-B70F-C0ABE4F2D859}.Release|x86.Build.0 = Release|Win32
		{5865186B-7E66-45BE-B8FE-94EB632A4608}.Debug|Any CPU.ActiveCfg = Debug|x64
		{5865186B-7E66-45BE-B8FE-94EB632A4608}.Debug|Any CPU.Build.0 = Debug|x64
		{5865186B-7E66-45BE-B8FE-94EB632A4608}.Debug|x64.ActiveCfg = Debug|x64
		{5865186B-7E66-45BE-B8FE-94EB632A4608}.Debug|x64.Build.0 = Debug|x64
		{5865186B-7E66-45BE-B8FE-94EB632A4608}.Debug|x86.ActiveCfg = Debug|Win32
		{5865186B-7E66-45BE-B8FE-94EB632A4608}.Debug|x86.Build.0 = Debug|Win32
		{5865186B-7E66-45BE-B8FE-94EB632A4608}.Release|Any CPU.ActiveCfg = Release|x64
		{5865186B-7E66-45BE-B8FE-94EB632A4608}.Release|Any CPU.Build.0 = Release|x64
		{5865186B-7E66-45BE-B8FE-94EB632A4608}.Release|x64.ActiveCfg = Release|x64
		{5865186B-7E66-45BE-B8FE-94EB632A4608}.Release|x64.Build.0 = Release|x64
		{5865186B-7E66-45BE-B8FE-94EB632A4608}.Release|x86.ActiveCfg = Release|Win32
		{5865186B-7E66-45BE-B8FE-94EB632A4608}.Release|x86.Build.0 = Release|Win32
		{9DB78DCA-7A7E-4873-9872-53A24739A828}.Debug|Any CPU.ActiveCfg = Debug|x64
		{9DB78DCA-7A7E-4873-9872-53A24739A828}.Debug|Any CPU.Build.0 = Debug|x64
		{9DB78DCA-7A7E-4873-9872-53A24739A828}.Debug|x64.ActiveCfg = Debug|x64
		{9DB78DCA-7A7E-4873-9872-53A24739A828}.Debug|x64.Build.0 = Debug|x64
		{9DB78DCA-7A7E-4873-9872-53A24739A828}.Debug|x86.ActiveCfg = Debug|Win32
		{9DB78DCA-7A7E-4873-9872-53A24739A828}.Debug|x86.Build.0 = Debug|Win32
		{9DB78DCA-7A7E-4873-9872-53A24739A828}.Release|Any CPU.ActiveCfg = Release|x64
		{9DB78DCA-7A7E-4873-9872-53A24739A828}.Release|Any CPU.Build.0 = Release|x64
		{9DB78DCA-7A7E-4873-9872-53A24739A828}.Release|x64.ActiveCfg = Release|x64
		{9DB78DCA-7A7E-4873-9872-53A24739A828}.Release|x64.Build.0 = Release|x64
		{9DB78DCA-7A7E-4873-9872-53A24739A828}.Release|x86.ActiveCfg = Release|Win32
		{9DB78DCA-7A7E-4873-9872-53A24739A828}.Release|x86.Build.0 = Release|Win32
		{CCF67573-A3DE-438D-83AC-FD2759A64F28}.Debug|Any CPU.ActiveCfg = Debug|x64
		{CCF67573-A3DE-438D-83AC-FD2759A64F28}.Debug|Any CPU.Build.0 = Debug|x64
		{CCF67573-A3DE-438D-83AC-FD2759A64F28}.Debug|x64.ActiveCfg = Debug|x64
		{CCF67573-A3DE-438D-83AC-FD2759A64F28}.Debug|x64.Build.0 = Debug|x64
		{CCF67573-A3DE-438D-83AC-FD2759A64F28}.Debug|x86.ActiveCfg = Debug|Win32
		{CCF67573-A3DE-438D-83AC-FD2759A64F28}.Debug|x86.Build.0 = Debug|Win32
		{CCF67573-A3DE-438D-83AC-FD2759A64F28}.Release|Any CPU.ActiveCfg = Release|x64
		{CCF67573-A3DE-438D-83AC-FD2759A64F28}.Release|Any CPU.Build.0 = Release|x64
		{CCF67573-A3DE-438D-83AC-FD2759A64F28}.Release|x64.ActiveCfg = Release|x64
		{CCF67573-A3DE-438D-83AC-FD2759A64F28}.Release|x64.Build.0 = Release|x64
		{CCF67573-A3DE-438D-83AC-FD2759A64F28}.Release|x86.ActiveCfg = Release|Win32
		{CCF67573-A3DE-438D-83AC-FD2759A64F28}.Release|x86.Build.0 = Release|Win32
		{E1FB3A37-995D-4825-8A4E-B40FB1266ADF}.Debug|Any CPU.ActiveCfg = Debug|x64
		{E1FB3A37-995D-4825-8A4E-B40FB1266ADF}.Debug|Any CPU.Build.0 = Debug|x64
		{E1FB3A37-995D-4825-8A4E-B40FB1266ADF}.Debug|x64.ActiveCfg = Debug|x64
		{E1FB3A37-995D-4825-8A4E-B40FB1266ADF}.Debug|x64.Build.0 = Debug|x64
		{E1FB3A37-995D-4825-8A4E-B40FB1266ADF}.Debug|x86.ActiveCfg = Debug|Win32
		{E1FB3A37-995D-4825-8A4E-B40FB1266ADF}.Debug|x86.Build.0 = Debug|Win32
		{E1FB3A37-995D-4825-8A4E-B40FB1266ADF}.Release|Any CPU.ActiveCfg = Release|x64
		{E1FB3A37-995D-4825-8A4E-B40FB1266ADF}.Release|Any CPU.Build.0 = Release|x64
		{E1FB3A37-995D-4825-8A4E-B40FB1266ADF}.Release|x64.ActiveCfg = Release|x64
		{E1FB3A37-995D-4825-8A4E-B40FB1266ADF}.Release|x64.Build.0 = Release|x64
		{E1FB3A37-995D-4825-8A4E-B40FB1266ADF}.Release|x86.ActiveCfg = Release|Win32
		{E1FB3A37-995D-4825-8A4E-B40FB1266ADF}.Release|x86.Build.0 = Release|Win32
		{B1F0BD9A-E989-44BC-93A5-E88B609C0030}.Debug|Any CPU.ActiveCfg = Debug|x64
		{B1F0BD9A-E989-44BC-93A5-E88B609C0030}.Debug|Any CPU.Build.0 = Debug|x64
		{B1F0BD9A-E989-44BC-93A5-E88B609C0030}.Debug|x64.ActiveCfg = Debug|x64
		{B1F0BD9A-E989-44BC-93A5-E88B609C0030}.Debug|x64.Build.0 = Debug|x64
		{B1F0BD9A-E989-44BC-93A5-E88B609C0030}.Debug|x86.ActiveCfg = Debug|Win32
		{B1F0BD9A-E989-44BC-93A5-E88B609C0030}.Debug|x86.Build.0 = Debug|Win32
		{B1F0BD9A-E989-44BC-93A5-E88B609C0030}.Release|Any CPU.ActiveCfg = Release|x64
		{B1F0BD9A-E989-44BC-93A5-E88B609C0030}.Release|Any CPU.Build.0 = Release|x64
		{B1F0BD9A-E989-44BC-93A5-E88B609C0030}.Release|x64.ActiveCfg = Release|x64
		{B1F0BD9A-E989-44BC-93A5-E88B609C0030}.Release|x64.Build.0 = Release|x64
		{B1F0BD9A-E989-44BC-93A5-E88B609C0030}.Release|x86.ActiveCfg = Release|Win32
		{B1F0BD9A-E989-44BC-93A5-E88B609C0030}.Release|x86.Build.0 = Release|Win32
		{1630868F-23A4-458F-8DD7-5952D88FD173}.Debug|Any CPU.ActiveCfg = Debug|x64
		{1630868F-23A4-458F-8DD7-5952D88FD173}.Debug|Any CPU.Build.0 = Debug|x64
		{1630868F-23A4-458F-8DD7-5952D88FD173}.Debug|x64.ActiveCfg = Debug|x64
		{1630868F-23A4-458F-8DD7-5952D88FD173}.Debug|x64.Build.0 = Debug|x64
		{1630868F-23A4-458F-8DD7-5952D88FD173}.Debug|x86.ActiveCfg = Debug|Win32
		{1630868F-23A4-458F-8DD7-5952D88FD173}.Debug|x86.Build.0 = Debug|Win32
		{1630868F-23A4-458F-8DD7-5952D88FD173}.Release|Any CPU.ActiveCfg = Release|x64
		{1630868F-23A4-458F-8DD7-5952D88FD173}.Release|Any CPU.Build.0 = Release|x64
		{1630868F-23A4-458F-8DD7-5952D88FD173}.Release|x64.ActiveCfg = Release|x64
		{1630868F-23A4-458F-8DD7-5952D88FD173}.Release|x64.Build.0 = Release|x64
		{1630868F-23A4-458F-8DD7-5952D88FD173}.Release|x86.ActiveCfg = Release|Win32
		{1630868F-23A4-458F-8DD7-5952D88FD173}.Release|x86.Build.0 = Release|Win32
		{98329075-C81A-4104-A53F-444F22FAC641}.Debug|Any CPU.ActiveCfg = Debug|x64
		{98329075-C81A-4104-A53F-444F22FAC641}.Debug|Any CPU.Build.0 = Debug|x64
		{98329075-C81A-4104-A53F-444F22FAC641}.Debug|x64.ActiveCfg = Debug|x64
		{98329075-C81A-4104-A53F-444F22FAC641}.Debug|x64.Build.0 = Debug|x64
		{98329075-C81A-4104-A53F-444F22FAC641}.Debug|x86.ActiveCfg = Debug|Win32
		{98329075-C81A-4104-A53F-444F22FAC641}.Debug|x86.Build.0 = Debug|Win32
		{98329075-C81A-4104-A53F-444F22FAC641}.Release|Any CPU.ActiveCfg = Release|x64
		{98329075-C81A-4104-A53F-444F22FAC641}.Release|Any CPU.Build.0 = Release|x64
		{98329075-C81A-4104-A53F-444F22FAC641}.Release|x64.ActiveCfg = Release|x64
		{98329075-C81A-4104-A53F-444F22FAC641}.Release|x64.Build.0 = Release|x64
		{98329075-C81A-4104-A53F-444F22FAC641}.Release|x86.ActiveCfg = Release|Win32
		{98329075-C81A-4104-A53F-444F22FAC641}.Release|x86.Build.0 = Release|Win32
		{DF019C17-5B40-4D19-9234-1B779328BD03}.Debug|Any CPU.ActiveCfg = Debug|x64
		{DF019C17-5B40-4D19-9234-1B779328BD03}.Debug|Any CPU.Build.0 = Debug|x64
		{DF019C17-5B40-4D19-9234-1B779328BD03}.Debug|x64.ActiveCfg = Debug|x64
		{DF019C17-5B40-4D19-9234-1B779328BD03}.Debug|x64.Build.0 = Debug|x64
		{DF019C17-5B40-4D19-9234-1B779328BD03}.Debug|x86.ActiveCfg = Debug|Win32
		{DF019C17-5B40-4D19-9234-1B779328BD03}.Debug|x86.Build.0 = Debug|Win32
		{DF019C17-5B40-4D19-9234-1B779328BD03}.Release|Any CPU.ActiveCfg = Release|x64
		{DF019C17-5B40-4D19-9234-1B779328BD03}.Release|Any CPU.Build.0 = Release|x64
		{DF019C17-5B40-4D19-9234-1B779328BD03}.Release|x64.ActiveCfg = Release|x64
		{DF019C17-5B40-4D19-9234-1B779328BD03}.Release|x64.Build.0 = Release|x64
		{DF019C17-5B40-4D19-9234-1B779328BD03}.Release|x86.ActiveCfg = Release|Win32
		{DF019C17-5B40-4D19-9234-1B779328BD03}.Release|x86.Build.0 = Release|Win32
		{53FD27F6-A24A-4191-A43B-9FE00C0C4B0A}.Debug|Any CPU.ActiveCfg = Debug|Any CPU
		{53FD27F6-A24A-4191-A43B-9FE00C0C4B0A}.Debug|Any CPU.Build.0 = Debug|Any CPU
		{53FD27F6-A24A-4191-A43B-9FE00C0C4B0A}.Debug|x64.ActiveCfg = Debug|Any CPU
		{53FD27F6-A24A-4191-A43B-9FE00C0C4B0A}.Debug|x64.Build.0 = Debug|Any CPU
		{53FD27F6-A24A-4191-A43B-9FE00C0C4B0A}.Debug|x86.ActiveCfg = Debug|Any CPU
		{53FD27F6-A24A-4191-A43B-9FE00C0C4B0A}.Debug|x86.Build.0 = Debug|Any CPU
		{53FD27F6-A24A-4191-A43B-9FE00C0C4B0A}.Release|Any CPU.ActiveCfg = Release|Any CPU
		{53FD27F6-A24A-4191-A43B-9FE00C0C4B0A}.Release|Any CPU.Build.0 = Release|Any CPU
		{53FD27F6-A24A-4191-A43B-9FE00C0C4B0A}.Release|x64.ActiveCfg = Release|Any CPU
		{53FD27F6-A24A-4191-A43B-9FE00C0C4B0A}.Release|x64.Build.0 = Release|Any CPU
		{53FD27F6-A24A-4191-A43B-9FE00C0C4B0A}.Release|x86.ActiveCfg = Release|Any CPU
		{53FD27F6-A24A-4191-A43B-9FE00C0C4B0A}.Release|x86.Build.0 = Release|Any CPU
		{A9C22A01-2888-419C-B162-C8A88191875C}.Debug|Any CPU.ActiveCfg = Debug|Any CPU
		{A9C22A01-2888-419C-B162-C8A88191875C}.Debug|Any CPU.Build.0 = Debug|Any CPU
		{A9C22A01-2888-419C-B162-C8A88191875C}.Debug|x64.ActiveCfg = Debug|Any CPU
		{A9C22A01-2888-419C-B162-C8A88191875C}.Debug|x64.Build.0 = Debug|Any CPU
		{A9C22A01-2888-419C-B162-C8A88191875C}.Debug|x86.ActiveCfg = Debug|Any CPU
		{A9C22A01-2888-419C-B162-C8A88191875C}.Debug|x86.Build.0 = Debug|Any CPU
		{A9C22A01-2888-419C-B162-C8A88191875C}.Release|Any CPU.ActiveCfg = Release|Any CPU
		{A9C22A01-2888-419C-B162-C8A88191875C}.Release|Any CPU.Build.0 = Release|Any CPU
		{A9C22A01-2888-419C-B162-C8A88191875C}.Release|x64.ActiveCfg = Release|Any CPU
		{A9C22A01-2888-419C-B162-C8A88191875C}.Release|x64.Build.0 = Release|Any CPU
		{A9C22A01-2888-419C-B162-C8A88191875C}.Release|x86.ActiveCfg = Release|Any CPU
		{A9C22A01-2888-419C-B162-C8A88191875C}.Release|x86.Build.0 = Release|Any CPU
		{73D820B9-E7E6-4F91-93F7-705C02215459}.Debug|Any CPU.ActiveCfg = Debug|Any CPU
		{73D820B9-E7E6-4F91-93F7-705C02215459}.Debug|Any CPU.Build.0 = Debug|Any CPU
		{73D820B9-E7E6-4F91-93F7-705C02215459}.Debug|x64.ActiveCfg = Debug|Any CPU
		{73D820B9-E7E6-4F91-93F7-705C02215459}.Debug|x64.Build.0 = Debug|Any CPU
		{73D820B9-E7E6-4F91-93F7-705C02215459}.Debug|x86.ActiveCfg = Debug|Any CPU
		{73D820B9-E7E6-4F91-93F7-705C02215459}.Debug|x86.Build.0 = Debug|Any CPU
		{73D820B9-E7E6-4F91-93F7-705C02215459}.Release|Any CPU.ActiveCfg = Release|Any CPU
		{73D820B9-E7E6-4F91-93F7-705C02215459}.Release|Any CPU.Build.0 = Release|Any CPU
		{73D820B9-E7E6-4F91-93F7-705C02215459}.Release|x64.ActiveCfg = Release|Any CPU
		{73D820B9-E7E6-4F91-93F7-705C02215459}.Release|x64.Build.0 = Release|Any CPU
		{73D820B9-E7E6-4F91-93F7-705C02215459}.Release|x86.ActiveCfg = Release|Any CPU
		{73D820B9-E7E6-4F91-93F7-705C02215459}.Release|x86.Build.0 = Release|Any CPU
		{293F2AD7-7AD8-42F8-929D-BDDBAC05BE93}.Debug|Any CPU.ActiveCfg = Debug|Any CPU
		{293F2AD7-7AD8-42F8-929D-BDDBAC05BE93}.Debug|Any CPU.Build.0 = Debug|Any CPU
		{293F2AD7-7AD8-42F8-929D-BDDBAC05BE93}.Debug|x64.ActiveCfg = Debug|Any CPU
		{293F2AD7-7AD8-42F8-929D-BDDBAC05BE93}.Debug|x64.Build.0 = Debug|Any CPU
		{293F2AD7-7AD8-42F8-929D-BDDBAC05BE93}.Debug|x64.Deploy.0 = Debug|Any CPU
		{293F2AD7-7AD8-42F8-929D-BDDBAC05BE93}.Debug|x86.ActiveCfg = Debug|Any CPU
		{293F2AD7-7AD8-42F8-929D-BDDBAC05BE93}.Debug|x86.Build.0 = Debug|Any CPU
		{293F2AD7-7AD8-42F8-929D-BDDBAC05BE93}.Release|Any CPU.ActiveCfg = Release|Any CPU
		{293F2AD7-7AD8-42F8-929D-BDDBAC05BE93}.Release|Any CPU.Build.0 = Release|Any CPU
		{293F2AD7-7AD8-42F8-929D-BDDBAC05BE93}.Release|x64.ActiveCfg = Release|Any CPU
		{293F2AD7-7AD8-42F8-929D-BDDBAC05BE93}.Release|x64.Build.0 = Release|Any CPU
		{293F2AD7-7AD8-42F8-929D-BDDBAC05BE93}.Release|x86.ActiveCfg = Release|Any CPU
		{293F2AD7-7AD8-42F8-929D-BDDBAC05BE93}.Release|x86.Build.0 = Release|Any CPU
		{62A1454A-0D92-43D3-946A-F32B77C08159}.Debug|Any CPU.ActiveCfg = Debug|Any CPU
		{62A1454A-0D92-43D3-946A-F32B77C08159}.Debug|Any CPU.Build.0 = Debug|Any CPU
		{62A1454A-0D92-43D3-946A-F32B77C08159}.Debug|x64.ActiveCfg = Debug|Any CPU
		{62A1454A-0D92-43D3-946A-F32B77C08159}.Debug|x64.Build.0 = Debug|Any CPU
		{62A1454A-0D92-43D3-946A-F32B77C08159}.Debug|x86.ActiveCfg = Debug|Any CPU
		{62A1454A-0D92-43D3-946A-F32B77C08159}.Debug|x86.Build.0 = Debug|Any CPU
		{62A1454A-0D92-43D3-946A-F32B77C08159}.Release|Any CPU.ActiveCfg = Release|Any CPU
		{62A1454A-0D92-43D3-946A-F32B77C08159}.Release|Any CPU.Build.0 = Release|Any CPU
		{62A1454A-0D92-43D3-946A-F32B77C08159}.Release|x64.ActiveCfg = Release|Any CPU
		{62A1454A-0D92-43D3-946A-F32B77C08159}.Release|x64.Build.0 = Release|Any CPU
		{62A1454A-0D92-43D3-946A-F32B77C08159}.Release|x86.ActiveCfg = Release|Any CPU
		{62A1454A-0D92-43D3-946A-F32B77C08159}.Release|x86.Build.0 = Release|Any CPU
	EndGlobalSection
	GlobalSection(SolutionProperties) = preSolution
		HideSolutionNode = FALSE
	EndGlobalSection
	GlobalSection(NestedProjects) = preSolution
		{40DA0834-E2FA-4C6F-B233-58E3D331EFE9} = {66F1B648-C8BB-48BD-BF0A-5F45F32C80FE}
		{D61489FF-08C4-4AC2-B882-CDC4AEB495D9} = {66F1B648-C8BB-48BD-BF0A-5F45F32C80FE}
		{66F1B648-C8BB-48BD-BF0A-5F45F32C80FE} = {CADA7286-43DD-4ECE-8149-6FB978309FD9}
		{8B168EF4-F1BF-4684-AD4C-13C6E2C29229} = {CADA7286-43DD-4ECE-8149-6FB978309FD9}
		{3EAA1711-DADE-4137-8467-561B683A47B0} = {8B168EF4-F1BF-4684-AD4C-13C6E2C29229}
		{0B7E987F-F719-4917-B744-DBBCD7D214CC} = {8B168EF4-F1BF-4684-AD4C-13C6E2C29229}
		{B341C85C-F212-4C59-8DB4-C3555D94728F} = {8B168EF4-F1BF-4684-AD4C-13C6E2C29229}
		{D7173C81-F855-4359-B451-7A29E7F1AFA8} = {8B168EF4-F1BF-4684-AD4C-13C6E2C29229}
		{62724343-C45B-4158-AF72-0E15073B1EFB} = {CADA7286-43DD-4ECE-8149-6FB978309FD9}
		{A39E8759-4164-40DE-A2D3-2B53A65D03AE} = {62724343-C45B-4158-AF72-0E15073B1EFB}
		{24D38A05-CE81-4029-A542-02301FEB78A7} = {62724343-C45B-4158-AF72-0E15073B1EFB}
		{5957A948-B5CE-440B-83B3-EF58B6CB7F28} = {CADA7286-43DD-4ECE-8149-6FB978309FD9}
		{65A49C10-819C-4D33-B0FC-BE7A1D083551} = {5957A948-B5CE-440B-83B3-EF58B6CB7F28}
		{71BA5329-F5EA-4B33-8654-81BFE173DAAF} = {CADA7286-43DD-4ECE-8149-6FB978309FD9}
		{F78D8BE5-33F4-4FE7-9533-C9B42756D661} = {71BA5329-F5EA-4B33-8654-81BFE173DAAF}
		{A8AB3BF2-094B-4158-97D9-705D912CE85E} = {CADA7286-43DD-4ECE-8149-6FB978309FD9}
		{6128782B-0355-48AF-ACC8-FC5CEE558428} = {A8AB3BF2-094B-4158-97D9-705D912CE85E}
		{41245459-B70E-4515-B55A-49BC119570F9} = {A8AB3BF2-094B-4158-97D9-705D912CE85E}
		{CADA7286-43DD-4ECE-8149-6FB978309FD9} = {02EA681E-C7D8-13C7-8484-4AC65E1B71E8}
		{F5ADE460-FB10-4A50-8325-14FD52EA1869} = {02EA681E-C7D8-13C7-8484-4AC65E1B71E8}
		{DA0E4031-255F-4CD1-A55D-A2AEF4202358} = {F5ADE460-FB10-4A50-8325-14FD52EA1869}
		{7F9D6491-16D8-4530-B70F-C0ABE4F2D859} = {DA0E4031-255F-4CD1-A55D-A2AEF4202358}
		{10AFD045-2C03-4B9B-B273-EA69F3F71C2A} = {F5ADE460-FB10-4A50-8325-14FD52EA1869}
		{5865186B-7E66-45BE-B8FE-94EB632A4608} = {10AFD045-2C03-4B9B-B273-EA69F3F71C2A}
		{9DB78DCA-7A7E-4873-9872-53A24739A828} = {10AFD045-2C03-4B9B-B273-EA69F3F71C2A}
		{CCF67573-A3DE-438D-83AC-FD2759A64F28} = {10AFD045-2C03-4B9B-B273-EA69F3F71C2A}
		{E1FB3A37-995D-4825-8A4E-B40FB1266ADF} = {10AFD045-2C03-4B9B-B273-EA69F3F71C2A}
		{B1F0BD9A-E989-44BC-93A5-E88B609C0030} = {10AFD045-2C03-4B9B-B273-EA69F3F71C2A}
		{15737C3D-0511-4BB7-933A-260B9F2EEFD9} = {02EA681E-C7D8-13C7-8484-4AC65E1B71E8}
		{1630868F-23A4-458F-8DD7-5952D88FD173} = {15737C3D-0511-4BB7-933A-260B9F2EEFD9}
		{98329075-C81A-4104-A53F-444F22FAC641} = {15737C3D-0511-4BB7-933A-260B9F2EEFD9}
		{DF019C17-5B40-4D19-9234-1B779328BD03} = {15737C3D-0511-4BB7-933A-260B9F2EEFD9}
		{53FD27F6-A24A-4191-A43B-9FE00C0C4B0A} = {FD40AA15-2FC6-4426-A1AC-D3320A0DD993}
		{A9C22A01-2888-419C-B162-C8A88191875C} = {FD40AA15-2FC6-4426-A1AC-D3320A0DD993}
		{73D820B9-E7E6-4F91-93F7-705C02215459} = {71C583B8-0B51-419A-9D62-DE160720DC06}
		{293F2AD7-7AD8-42F8-929D-BDDBAC05BE93} = {71C583B8-0B51-419A-9D62-DE160720DC06}
		{62A1454A-0D92-43D3-946A-F32B77C08159} = {FD40AA15-2FC6-4426-A1AC-D3320A0DD993}
	EndGlobalSection
	GlobalSection(ExtensibilityGlobals) = postSolution
		SolutionGuid = {8EA57345-6D61-42F3-A3D7-57A781F1872C}
	EndGlobalSection
EndGlobal
